Microsoft Visual Studio Solution File, Format Version 10.00
# Visual Studio 2008
Project("{8BC9CEB8-8B4A-11D0-8D11-00A0C91BC942}") = "libraw", "E:/lr5/LibRaw/buildfiles\libraw.vcproj", "{640AC264-CCA1-3A6C-B564-0EBFD2560F9D}"
EndProject
Project("{8BC9CEB8-8B4A-11D0-8D11-00A0C91BC942}") = "dcraw_emu", "E:/lr5/LibRaw/buildfiles\dcraw_emu.vcproj", "{96DA9FC1-64DE-38A5-B677-1A7D534897C5}"
EndProject
Project("{8BC9CEB8-8B4A-11D0-8D11-00A0C91BC942}") = "dcraw_half", "E:/lr5/LibRaw/buildfiles\dcraw_half.vcproj", "{70332CA5-150C-366F-AF50-834D6CEFA317}"
EndProject
Project("{8BC9CEB8-8B4A-11D0-8D11-00A0C91BC942}") = "half_mt", "E:/lr5/LibRaw/buildfiles\half_mt.vcproj", "{F7FC89DE-9DD8-30E3-90DA-65732A2CBC37}"
EndProject
Project("{8BC9CEB8-8B4A-11D0-8D11-00A0C91BC942}") = "mem_image", "E:/lr5/LibRaw/buildfiles\mem_image.vcproj", "{5FEB7B7F-91EE-3AEB-9F3A-BD24953D6445}"
EndProject
Project("{8BC9CEB8-8B4A-11D0-8D11-00A0C91BC942}") = "raw-identify", "E:/lr5/LibRaw/buildfiles\raw-identify.vcproj", "{9EE11DED-03F8-340D-8B8A-08DF0E4C015A}"
EndProject
Project("{8BC9CEB8-8B4A-11D0-8D11-00A0C91BC942}") = "simple_dcraw", "E:/lr5/LibRaw/buildfiles\simple_dcraw.vcproj", "{17960390-E10C-3EB3-B488-7D29380B82AB}"
EndProject
Project("{8BC9CEB8-8B4A-11D0-8D11-00A0C91BC942}") = "multirender_test", "E:/lr5/LibRaw/buildfiles\multirender_test.vcproj", "{72B6ADBD-444C-3BF7-85A2-BB38FBA26BEB}"
EndProject
Project("{8BC9CEB8-8B4A-11D0-8D11-00A0C91BC942}") = "postprocessing_benchmark", "E:/lr5/LibRaw/buildfiles\postprocessing_benchmark.vcproj", "{E9768D31-D81C-349F-BA49-E11E2883BF4C}"
EndProject
Project("{8BC9CEB8-8B4A-11D0-8D11-00A0C91BC942}") = "unprocessed_raw", "E:/lr5/LibRaw/buildfiles\unprocessed_raw.vcproj", "{F8F0C32C-17F0-3749-96DF-3F7364CA9752}"
EndProject
Project("{8BC9CEB8-8B4A-11D0-8D11-00A0C91BC942}") = "4channels", "E:/lr5/LibRaw/buildfiles\4channels.vcproj", "{D205E0A1-0477-3D7A-AD70-F6B24D0B01CF}"
EndProject
Global
	GlobalSection(SolutionConfiguration) = preSolution
		ConfigName.0 = Debug|Win32
		ConfigName.1 = Release|Win32
	EndGlobalSection
	GlobalSection(ProjectDependencies) = postSolution
	EndGlobalSection
	GlobalSection(ProjectConfiguration) = postSolution
		{640AC264-CCA1-3A6C-B564-0EBFD2560F9D}.Debug|Win32.ActiveCfg = Debug|Win32
		{640AC264-CCA1-3A6C-B564-0EBFD2560F9D}.Debug|Win32.Build.0 = Debug|Win32
		{640AC264-CCA1-3A6C-B564-0EBFD2560F9D}.Release|Win32.ActiveCfg = Release|Win32
		{640AC264-CCA1-3A6C-B564-0EBFD2560F9D}.Release|Win32.Build.0 = Release|Win32
		{96DA9FC1-64DE-38A5-B677-1A7D534897C5}.Debug|Win32.ActiveCfg = Debug|Win32
		{96DA9FC1-64DE-38A5-B677-1A7D534897C5}.Debug|Win32.Build.0 = Debug|Win32
		{96DA9FC1-64DE-38A5-B677-1A7D534897C5}.Release|Win32.ActiveCfg = Release|Win32
		{96DA9FC1-64DE-38A5-B677-1A7D534897C5}.Release|Win32.Build.0 = Release|Win32
		{70332CA5-150C-366F-AF50-834D6CEFA317}.Debug|Win32.ActiveCfg = Debug|Win32
		{70332CA5-150C-366F-AF50-834D6CEFA317}.Debug|Win32.Build.0 = Debug|Win32
		{70332CA5-150C-366F-AF50-834D6CEFA317}.Release|Win32.ActiveCfg = Release|Win32
		{70332CA5-150C-366F-AF50-834D6CEFA317}.Release|Win32.Build.0 = Release|Win32
		{F7FC89DE-9DD8-30E3-90DA-65732A2CBC37}.Debug|Win32.ActiveCfg = Debug|Win32
		{F7FC89DE-9DD8-30E3-90DA-65732A2CBC37}.Debug|Win32.Build.0 = Debug|Win32
		{F7FC89DE-9DD8-30E3-90DA-65732A2CBC37}.Release|Win32.ActiveCfg = Release|Win32
		{F7FC89DE-9DD8-30E3-90DA-65732A2CBC37}.Release|Win32.Build.0 = Release|Win32
		{5FEB7B7F-91EE-3AEB-9F3A-BD24953D6445}.Debug|Win32.ActiveCfg = Debug|Win32
		{5FEB7B7F-91EE-3AEB-9F3A-BD24953D6445}.Debug|Win32.Build.0 = Debug|Win32
		{5FEB7B7F-91EE-3AEB-9F3A-BD24953D6445}.Release|Win32.ActiveCfg = Release|Win32
		{5FEB7B7F-91EE-3AEB-9F3A-BD24953D6445}.Release|Win32.Build.0 = Release|Win32
		{9EE11DED-03F8-340D-8B8A-08DF0E4C015A}.Debug|Win32.ActiveCfg = Debug|Win32
		{9EE11DED-03F8-340D-8B8A-08DF0E4C015A}.Debug|Win32.Build.0 = Debug|Win32
		{9EE11DED-03F8-340D-8B8A-08DF0E4C015A}.Release|Win32.ActiveCfg = Release|Win32
		{9EE11DED-03F8-340D-8B8A-08DF0E4C015A}.Release|Win32.Build.0 = Release|Win32
		{17960390-E10C-3EB3-B488-7D29380B82AB}.Debug|Win32.ActiveCfg = Debug|Win32
		{17960390-E10C-3EB3-B488-7D29380B82AB}.Debug|Win32.Build.0 = Debug|Win32
		{17960390-E10C-3EB3-B488-7D29380B82AB}.Release|Win32.ActiveCfg = Release|Win32
		{17960390-E10C-3EB3-B488-7D29380B82AB}.Release|Win32.Build.0 = Release|Win32
		{72B6ADBD-444C-3BF7-85A2-BB38FBA26BEB}.Debug|Win32.ActiveCfg = Debug|Win32
		{72B6ADBD-444C-3BF7-85A2-BB38FBA26BEB}.Debug|Win32.Build.0 = Debug|Win32
		{72B6ADBD-444C-3BF7-85A2-BB38FBA26BEB}.Release|Win32.ActiveCfg = Release|Win32
		{72B6ADBD-444C-3BF7-85A2-BB38FBA26BEB}.Release|Win32.Build.0 = Release|Win32
		{E9768D31-D81C-349F-BA49-E11E2883BF4C}.Debug|Win32.ActiveCfg = Debug|Win32
		{E9768D31-D81C-349F-BA49-E11E2883BF4C}.Debug|Win32.Build.0 = Debug|Win32
		{E9768D31-D81C-349F-BA49-E11E2883BF4C}.Release|Win32.ActiveCfg = Release|Win32
		{E9768D31-D81C-349F-BA49-E11E2883BF4C}.Release|Win32.Build.0 = Release|Win32
		{F8F0C32C-17F0-3749-96DF-3F7364CA9752}.Debug|Win32.ActiveCfg = Debug|Win32
		{F8F0C32C-17F0-3749-96DF-3F7364CA9752}.Debug|Win32.Build.0 = Debug|Win32
		{F8F0C32C-17F0-3749-96DF-3F7364CA9752}.Release|Win32.ActiveCfg = Release|Win32
		{F8F0C32C-17F0-3749-96DF-3F7364CA9752}.Release|Win32.Build.0 = Release|Win32
		{D205E0A1-0477-3D7A-AD70-F6B24D0B01CF}.Debug|Win32.ActiveCfg = Debug|Win32
		{D205E0A1-0477-3D7A-AD70-F6B24D0B01CF}.Debug|Win32.Build.0 = Debug|Win32
		{D205E0A1-0477-3D7A-AD70-F6B24D0B01CF}.Release|Win32.ActiveCfg = Release|Win32
		{D205E0A1-0477-3D7A-AD70-F6B24D0B01CF}.Release|Win32.Build.0 = Release|Win32
	EndGlobalSection
	GlobalSection(ExtensibilityGlobals) = postSolution
	EndGlobalSection
	GlobalSection(ExtensibilityAddIns) = postSolution
	EndGlobalSection
EndGlobal