Microsoft Visual Studio Solution File, Format Version 12.00
# Visual Studio 16
Project("{8BC9CEB8-8B4A-11D0-8D11-00A0C91BC942}") = "ALL_BUILD", "ALL_BUILD.vcxproj", "{43B3B688-C71F-3674-A80D-3BBC470B5401}"
	ProjectSection(ProjectDependencies) = postProject
		{A8EF11AF-F3B5-3747-A973-45D908CB1A9C} = {A8EF11AF-F3B5-3747-A973-45D908CB1A9C}
		{DA601FB5-6020-3FBD-A0D3-2BA24943B777} = {DA601FB5-6020-3FBD-A0D3-2BA24943B777}
		{A4D3BB79-047C-39D7-A327-1DA325343124} = {A4D3BB79-047C-39D7-A327-1DA325343124}
		{569D8709-F884-363E-AC12-A71F65A79CFE} = {569D8709-F884-363E-AC12-A71F65A79CFE}
		{7B497297-95C3-3AE9-91B4-C1FD50F3791E} = {7B497297-95C3-3AE9-91B4-C1FD50F3791E}
		{9F4D1ABE-1967-3162-AE9A-8FBB73CAD37A} = {9F4D1ABE-1967-3162-AE9A-8FBB73CAD37A}
		{740FCEB0-4C50-3EB7-AEAD-4EDAB62824AF} = {740FCEB0-4C50-3EB7-AEAD-4EDAB62824AF}
		{3F6B931D-9292-35B8-89C4-4634DE5BC2A1} = {3F6B931D-9292-35B8-89C4-4634DE5BC2A1}
		{BFB6060F-DFB6-3934-A920-3A5920387CA7} = {BFB6060F-DFB6-3934-A920-3A5920387CA7}
		{35C87FAC-BA84-3A7A-9502-FC8CE42A0A14} = {35C87FAC-BA84-3A7A-9502-FC8CE42A0A14}
		{2CD89BD9-3EDD-3D4C-BBD9-72CFE4D6CDE5} = {2CD89BD9-3EDD-3D4C-BBD9-72CFE4D6CDE5}
	EndProjectSection
EndProject
Project("{8BC9CEB8-8B4A-11D0-8D11-00A0C91BC942}") = "4channels", "4channels.vcxproj", "{A8EF11AF-F3B5-3747-A973-45D908CB1A9C}"
	ProjectSection(ProjectDependencies) = postProject
		{DA601FB5-6020-3FBD-A0D3-2BA24943B777} = {DA601FB5-6020-3FBD-A0D3-2BA24943B777}
		{740FCEB0-4C50-3EB7-AEAD-4EDAB62824AF} = {740FCEB0-4C50-3EB7-AEAD-4EDAB62824AF}
	EndProjectSection
EndProject
Project("{8BC9CEB8-8B4A-11D0-8D11-00A0C91BC942}") = "INSTALL", "INSTALL.vcxproj", "{F143E24D-2BE8-3EA8-A6EE-A8243207B845}"
	ProjectSection(ProjectDependencies) = postProject
		{43B3B688-C71F-3674-A80D-3BBC470B5401} = {43B3B688-C71F-3674-A80D-3BBC470B5401}
		{DA601FB5-6020-3FBD-A0D3-2BA24943B777} = {DA601FB5-6020-3FBD-A0D3-2BA24943B777}
	EndProjectSection
EndProject
Project("{8BC9CEB8-8B4A-11D0-8D11-00A0C91BC942}") = "ZERO_CHECK", "ZERO_CHECK.vcxproj", "{DA601FB5-6020-3FBD-A0D3-2BA24943B777}"
	ProjectSection(ProjectDependencies) = postProject
	EndProjectSection
EndProject
Project("{8BC9CEB8-8B4A-11D0-8D11-00A0C91BC942}") = "dcraw_emu", "dcraw_emu.vcxproj", "{A4D3BB79-047C-39D7-A327-1DA325343124}"
	ProjectSection(ProjectDependencies) = postProject
		{DA601FB5-6020-3FBD-A0D3-2BA24943B777} = {DA601FB5-6020-3FBD-A0D3-2BA24943B777}
		{740FCEB0-4C50-3EB7-AEAD-4EDAB62824AF} = {740FCEB0-4C50-3EB7-AEAD-4EDAB62824AF}
	EndProjectSection
EndProject
Project("{8BC9CEB8-8B4A-11D0-8D11-00A0C91BC942}") = "mem_image_sample", "mem_image_sample.vcxproj", "{569D8709-F884-363E-AC12-A71F65A79CFE}"
	ProjectSection(ProjectDependencies) = postProject
		{DA601FB5-6020-3FBD-A0D3-2BA24943B777} = {DA601FB5-6020-3FBD-A0D3-2BA24943B777}
		{740FCEB0-4C50-3EB7-AEAD-4EDAB62824AF} = {740FCEB0-4C50-3EB7-AEAD-4EDAB62824AF}
	EndProjectSection
EndProject
Project("{8BC9CEB8-8B4A-11D0-8D11-00A0C91BC942}") = "multirender_test", "multirender_test.vcxproj", "{7B497297-95C3-3AE9-91B4-C1FD50F3791E}"
	ProjectSection(ProjectDependencies) = postProject
		{DA601FB5-6020-3FBD-A0D3-2BA24943B777} = {DA601FB5-6020-3FBD-A0D3-2BA24943B777}
		{740FCEB0-4C50-3EB7-AEAD-4EDAB62824AF} = {740FCEB0-4C50-3EB7-AEAD-4EDAB62824AF}
	EndProjectSection
EndProject
Project("{8BC9CEB8-8B4A-11D0-8D11-00A0C91BC942}") = "postprocessing_benchmark", "postprocessing_benchmark.vcxproj", "{9F4D1ABE-1967-3162-AE9A-8FBB73CAD37A}"
	ProjectSection(ProjectDependencies) = postProject
		{DA601FB5-6020-3FBD-A0D3-2BA24943B777} = {DA601FB5-6020-3FBD-A0D3-2BA24943B777}
		{740FCEB0-4C50-3EB7-AEAD-4EDAB62824AF} = {740FCEB0-4C50-3EB7-AEAD-4EDAB62824AF}
	EndProjectSection
EndProject
Project("{8BC9CEB8-8B4A-11D0-8D11-00A0C91BC942}") = "raw", "raw.vcxproj", "{740FCEB0-4C50-3EB7-AEAD-4EDAB62824AF}"
	ProjectSection(ProjectDependencies) = postProject
		{DA601FB5-6020-3FBD-A0D3-2BA24943B777} = {DA601FB5-6020-3FBD-A0D3-2BA24943B777}
	EndProjectSection
EndProject
Project("{8BC9CEB8-8B4A-11D0-8D11-00A0C91BC942}") = "raw-identify", "raw-identify.vcxproj", "{3F6B931D-9292-35B8-89C4-4634DE5BC2A1}"
	ProjectSection(ProjectDependencies) = postProject
		{DA601FB5-6020-3FBD-A0D3-2BA24943B777} = {DA601FB5-6020-3FBD-A0D3-2BA24943B777}
		{740FCEB0-4C50-3EB7-AEAD-4EDAB62824AF} = {740FCEB0-4C50-3EB7-AEAD-4EDAB62824AF}
	EndProjectSection
EndProject
Project("{8BC9CEB8-8B4A-11D0-8D11-00A0C91BC942}") = "raw_r", "raw_r.vcxproj", "{BFB6060F-DFB6-3934-A920-3A5920387CA7}"
	ProjectSection(ProjectDependencies) = postProject
		{DA601FB5-6020-3FBD-A0D3-2BA24943B777} = {DA601FB5-6020-3FBD-A0D3-2BA24943B777}
	EndProjectSection
EndProject
Project("{8BC9CEB8-8B4A-11D0-8D11-00A0C91BC942}") = "simple_dcraw", "simple_dcraw.vcxproj", "{35C87FAC-BA84-3A7A-9502-FC8CE42A0A14}"
	ProjectSection(ProjectDependencies) = postProject
		{DA601FB5-6020-3FBD-A0D3-2BA24943B777} = {DA601FB5-6020-3FBD-A0D3-2BA24943B777}
		{740FCEB0-4C50-3EB7-AEAD-4EDAB62824AF} = {740FCEB0-4C50-3EB7-AEAD-4EDAB62824AF}
	EndProjectSection
EndProject
Project("{8BC9CEB8-8B4A-11D0-8D11-00A0C91BC942}") = "uninstall", "uninstall.vcxproj", "{1A9D9777-7B9C-3A52-9C97-594D6B05E5DD}"
	ProjectSection(ProjectDependencies) = postProject
		{DA601FB5-6020-3FBD-A0D3-2BA24943B777} = {DA601FB5-6020-3FBD-A0D3-2BA24943B777}
	EndProjectSection
EndProject
Project("{8BC9CEB8-8B4A-11D0-8D11-00A0C91BC942}") = "unprocessed_raw", "unprocessed_raw.vcxproj", "{2CD89BD9-3EDD-3D4C-BBD9-72CFE4D6CDE5}"
	ProjectSection(ProjectDependencies) = postProject
		{DA601FB5-6020-3FBD-A0D3-2BA24943B777} = {DA601FB5-6020-3FBD-A0D3-2BA24943B777}
		{740FCEB0-4C50-3EB7-AEAD-4EDAB62824AF} = {740FCEB0-4C50-3EB7-AEAD-4EDAB62824AF}
	EndProjectSection
EndProject
Global
	GlobalSection(SolutionConfigurationPlatforms) = preSolution
		Debug|x64 = Debug|x64
		Release|x64 = Release|x64
		MinSizeRel|x64 = MinSizeRel|x64
		RelWithDebInfo|x64 = RelWithDebInfo|x64
	EndGlobalSection
	GlobalSection(ProjectConfigurationPlatforms) = postSolution
		{43B3B688-C71F-3674-A80D-3BBC470B5401}.Debug|x64.ActiveCfg = Debug|x64
		{43B3B688-C71F-3674-A80D-3BBC470B5401}.Debug|x64.Build.0 = Debug|x64
		{43B3B688-C71F-3674-A80D-3BBC470B5401}.Release|x64.ActiveCfg = Release|x64
		{43B3B688-C71F-3674-A80D-3BBC470B5401}.Release|x64.Build.0 = Release|x64
		{43B3B688-C71F-3674-A80D-3BBC470B5401}.MinSizeRel|x64.ActiveCfg = MinSizeRel|x64
		{43B3B688-C71F-3674-A80D-3BBC470B5401}.MinSizeRel|x64.Build.0 = MinSizeRel|x64
		{43B3B688-C71F-3674-A80D-3BBC470B5401}.RelWithDebInfo|x64.ActiveCfg = RelWithDebInfo|x64
		{43B3B688-C71F-3674-A80D-3BBC470B5401}.RelWithDebInfo|x64.Build.0 = RelWithDebInfo|x64
		{A8EF11AF-F3B5-3747-A973-45D908CB1A9C}.Debug|x64.ActiveCfg = Debug|x64
		{A8EF11AF-F3B5-3747-A973-45D908CB1A9C}.Debug|x64.Build.0 = Debug|x64
		{A8EF11AF-F3B5-3747-A973-45D908CB1A9C}.Release|x64.ActiveCfg = Release|x64
		{A8EF11AF-F3B5-3747-A973-45D908CB1A9C}.Release|x64.Build.0 = Release|x64
		{A8EF11AF-F3B5-3747-A973-45D908CB1A9C}.MinSizeRel|x64.ActiveCfg = MinSizeRel|x64
		{A8EF11AF-F3B5-3747-A973-45D908CB1A9C}.MinSizeRel|x64.Build.0 = MinSizeRel|x64
		{A8EF11AF-F3B5-3747-A973-45D908CB1A9C}.RelWithDebInfo|x64.ActiveCfg = RelWithDebInfo|x64
		{A8EF11AF-F3B5-3747-A973-45D908CB1A9C}.RelWithDebInfo|x64.Build.0 = RelWithDebInfo|x64
		{F143E24D-2BE8-3EA8-A6EE-A8243207B845}.Debug|x64.ActiveCfg = Debug|x64
		{F143E24D-2BE8-3EA8-A6EE-A8243207B845}.Release|x64.ActiveCfg = Release|x64
		{F143E24D-2BE8-3EA8-A6EE-A8243207B845}.MinSizeRel|x64.ActiveCfg = MinSizeRel|x64
		{F143E24D-2BE8-3EA8-A6EE-A8243207B845}.RelWithDebInfo|x64.ActiveCfg = RelWithDebInfo|x64
		{DA601FB5-6020-3FBD-A0D3-2BA24943B777}.Debug|x64.ActiveCfg = Debug|x64
		{DA601FB5-6020-3FBD-A0D3-2BA24943B777}.Debug|x64.Build.0 = Debug|x64
		{DA601FB5-6020-3FBD-A0D3-2BA24943B777}.Release|x64.ActiveCfg = Release|x64
		{DA601FB5-6020-3FBD-A0D3-2BA24943B777}.Release|x64.Build.0 = Release|x64
		{DA601FB5-6020-3FBD-A0D3-2BA24943B777}.MinSizeRel|x64.ActiveCfg = MinSizeRel|x64
		{DA601FB5-6020-3FBD-A0D3-2BA24943B777}.MinSizeRel|x64.Build.0 = MinSizeRel|x64
		{DA601FB5-6020-3FBD-A0D3-2BA24943B777}.RelWithDebInfo|x64.ActiveCfg = RelWithDebInfo|x64
		{DA601FB5-6020-3FBD-A0D3-2BA24943B777}.RelWithDebInfo|x64.Build.0 = RelWithDebInfo|x64
		{A4D3BB79-047C-39D7-A327-1DA325343124}.Debug|x64.ActiveCfg = Debug|x64
		{A4D3BB79-047C-39D7-A327-1DA325343124}.Debug|x64.Build.0 = Debug|x64
		{A4D3BB79-047C-39D7-A327-1DA325343124}.Release|x64.ActiveCfg = Release|x64
		{A4D3BB79-047C-39D7-A327-1DA325343124}.Release|x64.Build.0 = Release|x64
		{A4D3BB79-047C-39D7-A327-1DA325343124}.MinSizeRel|x64.ActiveCfg = MinSizeRel|x64
		{A4D3BB79-047C-39D7-A327-1DA325343124}.MinSizeRel|x64.Build.0 = MinSizeRel|x64
		{A4D3BB79-047C-39D7-A327-1DA325343124}.RelWithDebInfo|x64.ActiveCfg = RelWithDebInfo|x64
		{A4D3BB79-047C-39D7-A327-1DA325343124}.RelWithDebInfo|x64.Build.0 = RelWithDebInfo|x64
		{569D8709-F884-363E-AC12-A71F65A79CFE}.Debug|x64.ActiveCfg = Debug|x64
		{569D8709-F884-363E-AC12-A71F65A79CFE}.Debug|x64.Build.0 = Debug|x64
		{569D8709-F884-363E-AC12-A71F65A79CFE}.Release|x64.ActiveCfg = Release|x64
		{569D8709-F884-363E-AC12-A71F65A79CFE}.Release|x64.Build.0 = Release|x64
		{569D8709-F884-363E-AC12-A71F65A79CFE}.MinSizeRel|x64.ActiveCfg = MinSizeRel|x64
		{569D8709-F884-363E-AC12-A71F65A79CFE}.MinSizeRel|x64.Build.0 = MinSizeRel|x64
		{569D8709-F884-363E-AC12-A71F65A79CFE}.RelWithDebInfo|x64.ActiveCfg = RelWithDebInfo|x64
		{569D8709-F884-363E-AC12-A71F65A79CFE}.RelWithDebInfo|x64.Build.0 = RelWithDebInfo|x64
		{7B497297-95C3-3AE9-91B4-C1FD50F3791E}.Debug|x64.ActiveCfg = Debug|x64
		{7B497297-95C3-3AE9-91B4-C1FD50F3791E}.Debug|x64.Build.0 = Debug|x64
		{7B497297-95C3-3AE9-91B4-C1FD50F3791E}.Release|x64.ActiveCfg = Release|x64
		{7B497297-95C3-3AE9-91B4-C1FD50F3791E}.Release|x64.Build.0 = Release|x64
		{7B497297-95C3-3AE9-91B4-C1FD50F3791E}.MinSizeRel|x64.ActiveCfg = MinSizeRel|x64
		{7B497297-95C3-3AE9-91B4-C1FD50F3791E}.MinSizeRel|x64.Build.0 = MinSizeRel|x64
		{7B497297-95C3-3AE9-91B4-C1FD50F3791E}.RelWithDebInfo|x64.ActiveCfg = RelWithDebInfo|x64
		{7B497297-95C3-3AE9-91B4-C1FD50F3791E}.RelWithDebInfo|x64.Build.0 = RelWithDebInfo|x64
		{9F4D1ABE-1967-3162-AE9A-8FBB73CAD37A}.Debug|x64.ActiveCfg = Debug|x64
		{9F4D1ABE-1967-3162-AE9A-8FBB73CAD37A}.Debug|x64.Build.0 = Debug|x64
		{9F4D1ABE-1967-3162-AE9A-8FBB73CAD37A}.Release|x64.ActiveCfg = Release|x64
		{9F4D1ABE-1967-3162-AE9A-8FBB73CAD37A}.Release|x64.Build.0 = Release|x64
		{9F4D1ABE-1967-3162-AE9A-8FBB73CAD37A}.MinSizeRel|x64.ActiveCfg = MinSizeRel|x64
		{9F4D1ABE-1967-3162-AE9A-8FBB73CAD37A}.MinSizeRel|x64.Build.0 = MinSizeRel|x64
		{9F4D1ABE-1967-3162-AE9A-8FBB73CAD37A}.RelWithDebInfo|x64.ActiveCfg = RelWithDebInfo|x64
		{9F4D1ABE-1967-3162-AE9A-8FBB73CAD37A}.RelWithDebInfo|x64.Build.0 = RelWithDebInfo|x64
		{740FCEB0-4C50-3EB7-AEAD-4EDAB62824AF}.Debug|x64.ActiveCfg = Debug|x64
		{740FCEB0-4C50-3EB7-AEAD-4EDAB62824AF}.Debug|x64.Build.0 = Debug|x64
		{740FCEB0-4C50-3EB7-AEAD-4EDAB62824AF}.Release|x64.ActiveCfg = Release|x64
		{740FCEB0-4C50-3EB7-AEAD-4EDAB62824AF}.Release|x64.Build.0 = Release|x64
		{740FCEB0-4C50-3EB7-AEAD-4EDAB62824AF}.MinSizeRel|x64.ActiveCfg = MinSizeRel|x64
		{740FCEB0-4C50-3EB7-AEAD-4EDAB62824AF}.MinSizeRel|x64.Build.0 = MinSizeRel|x64
		{740FCEB0-4C50-3EB7-AEAD-4EDAB62824AF}.RelWithDebInfo|x64.ActiveCfg = RelWithDebInfo|x64
		{740FCEB0-4C50-3EB7-AEAD-4EDAB62824AF}.RelWithDebInfo|x64.Build.0 = RelWithDebInfo|x64
		{3F6B931D-9292-35B8-89C4-4634DE5BC2A1}.Debug|x64.ActiveCfg = Debug|x64
		{3F6B931D-9292-35B8-89C4-4634DE5BC2A1}.Debug|x64.Build.0 = Debug|x64
		{3F6B931D-9292-35B8-89C4-4634DE5BC2A1}.Release|x64.ActiveCfg = Release|x64
		{3F6B931D-9292-35B8-89C4-4634DE5BC2A1}.Release|x64.Build.0 = Release|x64
		{3F6B931D-9292-35B8-89C4-4634DE5BC2A1}.MinSizeRel|x64.ActiveCfg = MinSizeRel|x64
		{3F6B931D-9292-35B8-89C4-4634DE5BC2A1}.MinSizeRel|x64.Build.0 = MinSizeRel|x64
		{3F6B931D-9292-35B8-89C4-4634DE5BC2A1}.RelWithDebInfo|x64.ActiveCfg = RelWithDebInfo|x64
		{3F6B931D-9292-35B8-89C4-4634DE5BC2A1}.RelWithDebInfo|x64.Build.0 = RelWithDebInfo|x64
		{BFB6060F-DFB6-3934-A920-3A5920387CA7}.Debug|x64.ActiveCfg = Debug|x64
		{BFB6060F-DFB6-3934-A920-3A5920387CA7}.Debug|x64.Build.0 = Debug|x64
		{BFB6060F-DFB6-3934-A920-3A5920387CA7}.Release|x64.ActiveCfg = Release|x64
		{BFB6060F-DFB6-3934-A920-3A5920387CA7}.Release|x64.Build.0 = Release|x64
		{BFB6060F-DFB6-3934-A920-3A5920387CA7}.MinSizeRel|x64.ActiveCfg = MinSizeRel|x64
		{BFB6060F-DFB6-3934-A920-3A5920387CA7}.MinSizeRel|x64.Build.0 = MinSizeRel|x64
		{BFB6060F-DFB6-3934-A920-3A5920387CA7}.RelWithDebInfo|x64.ActiveCfg = RelWithDebInfo|x64
		{BFB6060F-DFB6-3934-A920-3A5920387CA7}.RelWithDebInfo|x64.Build.0 = RelWithDebInfo|x64
		{35C87FAC-BA84-3A7A-9502-FC8CE42A0A14}.Debug|x64.ActiveCfg = Debug|x64
		{35C87FAC-BA84-3A7A-9502-FC8CE42A0A14}.Debug|x64.Build.0 = Debug|x64
		{35C87FAC-BA84-3A7A-9502-FC8CE42A0A14}.Release|x64.ActiveCfg = Release|x64
		{35C87FAC-BA84-3A7A-9502-FC8CE42A0A14}.Release|x64.Build.0 = Release|x64
		{35C87FAC-BA84-3A7A-9502-FC8CE42A0A14}.MinSizeRel|x64.ActiveCfg = MinSizeRel|x64
		{35C87FAC-BA84-3A7A-9502-FC8CE42A0A14}.MinSizeRel|x64.Build.0 = MinSizeRel|x64
		{35C87FAC-BA84-3A7A-9502-FC8CE42A0A14}.RelWithDebInfo|x64.ActiveCfg = RelWithDebInfo|x64
		{35C87FAC-BA84-3A7A-9502-FC8CE42A0A14}.RelWithDebInfo|x64.Build.0 = RelWithDebInfo|x64
		{1A9D9777-7B9C-3A52-9C97-594D6B05E5DD}.Debug|x64.ActiveCfg = Debug|x64
		{1A9D9777-7B9C-3A52-9C97-594D6B05E5DD}.Release|x64.ActiveCfg = Release|x64
		{1A9D9777-7B9C-3A52-9C97-594D6B05E5DD}.MinSizeRel|x64.ActiveCfg = MinSizeRel|x64
		{1A9D9777-7B9C-3A52-9C97-594D6B05E5DD}.RelWithDebInfo|x64.ActiveCfg = RelWithDebInfo|x64
		{2CD89BD9-3EDD-3D4C-BBD9-72CFE4D6CDE5}.Debug|x64.ActiveCfg = Debug|x64
		{2CD89BD9-3EDD-3D4C-BBD9-72CFE4D6CDE5}.Debug|x64.Build.0 = Debug|x64
		{2CD89BD9-3EDD-3D4C-BBD9-72CFE4D6CDE5}.Release|x64.ActiveCfg = Release|x64
		{2CD89BD9-3EDD-3D4C-BBD9-72CFE4D6CDE5}.Release|x64.Build.0 = Release|x64
		{2CD89BD9-3EDD-3D4C-BBD9-72CFE4D6CDE5}.MinSizeRel|x64.ActiveCfg = MinSizeRel|x64
		{2CD89BD9-3EDD-3D4C-BBD9-72CFE4D6CDE5}.MinSizeRel|x64.Build.0 = MinSizeRel|x64
		{2CD89BD9-3EDD-3D4C-BBD9-72CFE4D6CDE5}.RelWithDebInfo|x64.ActiveCfg = RelWithDebInfo|x64
		{2CD89BD9-3EDD-3D4C-BBD9-72CFE4D6CDE5}.RelWithDebInfo|x64.Build.0 = RelWithDebInfo|x64
	EndGlobalSection
	GlobalSection(ExtensibilityGlobals) = postSolution
		SolutionGuid = {2F057B9C-8CAE-32C6-8268-8B146DAB583F}
	EndGlobalSection
	GlobalSection(ExtensibilityAddIns) = postSolution
	EndGlobalSection
EndGlobal
